
Microsoft Visual Studio Solution File, Format Version 12.00
# Visual Studio Version 17
VisualStudioVersion = 17.0.31903.59
MinimumVisualStudioVersion = 10.0.40219.1
Project("{FAE04EC0-301F-11D3-BF4B-00C04F79EFBC}") = "API", "API\API.csproj", "{00D11208-7F86-47C7-A885-108BE0CF4B05}"
EndProject
Project("{FAE04EC0-301F-11D3-BF4B-00C04F79EFBC}") = "Core", "Core\Core.csproj", "{FAD0EC65-A926-4820-9CC7-40BF49F48E33}"
EndProject
Project("{FAE04EC0-301F-11D3-BF4B-00C04F79EFBC}") = "Infrastructure", "Infrastructure\Infrastructure.csproj", "{6D9EEB64-B0A3-4257-8385-449E376F82FC}"
EndProject
Global
	GlobalSection(SolutionConfigurationPlatforms) = preSolution
		Debug|Any CPU = Debug|Any CPU
		Release|Any CPU = Release|Any CPU
	EndGlobalSection
	GlobalSection(SolutionProperties) = preSolution
		HideSolutionNode = FALSE
	EndGlobalSection
	GlobalSection(ProjectConfigurationPlatforms) = postSolution
		{00D11208-7F86-47C7-A885-108BE0CF4B05}.Debug|Any CPU.ActiveCfg = Debug|Any CPU
		{00D11208-7F86-47C7-A885-108BE0CF4B05}.Debug|Any CPU.Build.0 = Debug|Any CPU
		{00D11208-7F86-47C7-A885-108BE0CF4B05}.Release|Any CPU.ActiveCfg = Release|Any CPU
		{00D11208-7F86-47C7-A885-108BE0CF4B05}.Release|Any CPU.Build.0 = Release|Any CPU
		{FAD0EC65-A926-4820-9CC7-40BF49F48E33}.Debug|Any CPU.ActiveCfg = Debug|Any CPU
		{FAD0EC65-A926-4820-9CC7-40BF49F48E33}.Debug|Any CPU.Build.0 = Debug|Any CPU
		{FAD0EC65-A926-4820-9CC7-40BF49F48E33}.Release|Any CPU.ActiveCfg = Release|Any CPU
		{FAD0EC65-A926-4820-9CC7-40BF49F48E33}.Release|Any CPU.Build.0 = Release|Any CPU
		{6D9EEB64-B0A3-4257-8385-449E376F82FC}.Debug|Any CPU.ActiveCfg = Debug|Any CPU
		{6D9EEB64-B0A3-4257-8385-449E376F82FC}.Debug|Any CPU.Build.0 = Debug|Any CPU
		{6D9EEB64-B0A3-4257-8385-449E376F82FC}.Release|Any CPU.ActiveCfg = Release|Any CPU
		{6D9EEB64-B0A3-4257-8385-449E376F82FC}.Release|Any CPU.Build.0 = Release|Any CPU
	EndGlobalSection
EndGlobal
